---
http_interactions:
- request:
    method: get
    uri: http://alphanet-node.tzscan.io/chains/main/blocks/BLHKSpcKZkLjf1e4dPUy8AFcMVtdRRTAxfhfYJ7SM5dH38VDmZR/operations
    body:
      encoding: US-ASCII
      string: ''
    headers:
      Content-Type:
      - application/json
  response:
    status:
      code: 200
      message: OK
    headers:
      Server:
      - nginx
      Date:
      - Tue, 08 Jan 2019 17:17:14 GMT
      Content-Type:
      - application/json
      Content-Length:
      - '7043'
      Connection:
      - keep-alive
    body:
      encoding: UTF-8
      string: '[[{"protocol":"PsddFKi32cMJ2qPjf43Qv5GDWLDPZb3T3bF6fLKiF5HtvHNU7aP","chain_id":"NetXgtSLGNJvNye","hash":"onphbFHctGdZyJU3BQwpQAXb5dn63QTAGQft4mj2qfPJhKCyx4B","branch":"BLJsHDbiCy5JZjNu6xwNfPqyG3SEmXDSN9Ur5bouyrftbbGJh95","contents":[{"kind":"endorsement","level":88749,"metadata":{"balance_updates":[{"kind":"contract","contract":"tz3NdTPb3Ax2rVW2Kq9QEdzfYFkRwhrQRPhX","change":"-256000000"},{"kind":"freezer","category":"deposits","delegate":"tz3NdTPb3Ax2rVW2Kq9QEdzfYFkRwhrQRPhX","level":43,"change":"256000000"},{"kind":"freezer","category":"rewards","delegate":"tz3NdTPb3Ax2rVW2Kq9QEdzfYFkRwhrQRPhX","level":43,"change":"4000000"}],"delegate":"tz3NdTPb3Ax2rVW2Kq9QEdzfYFkRwhrQRPhX","slots":[26,18,11,2]}}],"signature":"sigpk5tVMYDGBT1HBsNeMTzfarr87ZjWifHoL3JjrWGKiGjN1rodgxwi12Xy9g65prqVMv1kLV7TgqVuVk53MuGsSAWVZGBT"},{"protocol":"PsddFKi32cMJ2qPjf43Qv5GDWLDPZb3T3bF6fLKiF5HtvHNU7aP","chain_id":"NetXgtSLGNJvNye","hash":"oox59oLaUoRcNJwDE3n2qz44dqi2HYUtTwVpeLG5ue4jdyv16f9","branch":"BLJsHDbiCy5JZjNu6xwNfPqyG3SEmXDSN9Ur5bouyrftbbGJh95","contents":[{"kind":"endorsement","level":88749,"metadata":{"balance_updates":[{"kind":"contract","contract":"tz1db53osfzRqqgQeLtBt4kcFcQoXJwPJJ5G","change":"-64000000"},{"kind":"freezer","category":"deposits","delegate":"tz1db53osfzRqqgQeLtBt4kcFcQoXJwPJJ5G","level":43,"change":"64000000"},{"kind":"freezer","category":"rewards","delegate":"tz1db53osfzRqqgQeLtBt4kcFcQoXJwPJJ5G","level":43,"change":"1000000"}],"delegate":"tz1db53osfzRqqgQeLtBt4kcFcQoXJwPJJ5G","slots":[30]}}],"signature":"sigmPxwABnuYW5GAH2W7DKFeRdcYYd3WLpbNKE7Q1uejz7jFodh3D2piVxM9iEMpaGKz2969yL4PFFbh5mtApnd9GqSYyWtE"},{"protocol":"PsddFKi32cMJ2qPjf43Qv5GDWLDPZb3T3bF6fLKiF5HtvHNU7aP","chain_id":"NetXgtSLGNJvNye","hash":"ooxoNuEWE2FStXEdFabCoMD9Y3xyH5Z3w9Z4vnEyZkTriun56js","branch":"BLJsHDbiCy5JZjNu6xwNfPqyG3SEmXDSN9Ur5bouyrftbbGJh95","contents":[{"kind":"endorsement","level":88749,"metadata":{"balance_updates":[{"kind":"contract","contract":"tz1aWXP237BLwNHJcCD4b3DutCevhqq2T1Z9","change":"-64000000"},{"kind":"freezer","category":"deposits","delegate":"tz1aWXP237BLwNHJcCD4b3DutCevhqq2T1Z9","level":43,"change":"64000000"},{"kind":"freezer","category":"rewards","delegate":"tz1aWXP237BLwNHJcCD4b3DutCevhqq2T1Z9","level":43,"change":"1000000"}],"delegate":"tz1aWXP237BLwNHJcCD4b3DutCevhqq2T1Z9","slots":[19]}}],"signature":"sigPnCzw7vbohXeFNNNdjzj2tu1UFntjMFviZfPn9bug1uChYTKvNCDEFH7BhmoUKgmpxP1uSUDNehk2emjdYtVMUQuQuNbQ"},{"protocol":"PsddFKi32cMJ2qPjf43Qv5GDWLDPZb3T3bF6fLKiF5HtvHNU7aP","chain_id":"NetXgtSLGNJvNye","hash":"onkXaSvE9Qw3zQoea1L7cCHwBA6uyyBM86E4h2UWZf6Vnei7ify","branch":"BLJsHDbiCy5JZjNu6xwNfPqyG3SEmXDSN9Ur5bouyrftbbGJh95","contents":[{"kind":"endorsement","level":88749,"metadata":{"balance_updates":[{"kind":"contract","contract":"tz1Vi4XPxnKqjN2aS13TY6aAjZvnqmvx8TgH","change":"-320000000"},{"kind":"freezer","category":"deposits","delegate":"tz1Vi4XPxnKqjN2aS13TY6aAjZvnqmvx8TgH","level":43,"change":"320000000"},{"kind":"freezer","category":"rewards","delegate":"tz1Vi4XPxnKqjN2aS13TY6aAjZvnqmvx8TgH","level":43,"change":"5000000"}],"delegate":"tz1Vi4XPxnKqjN2aS13TY6aAjZvnqmvx8TgH","slots":[29,28,15,13,0]}}],"signature":"sigs6DbaTgyEVaYUcMNeWQaS35Ug86Fnvz5o72pcL4zZTA4BLt7kNorUsFP9AXvptSwdwxuzxG7sCKdbqGhqbMPakf6w9xD3"},{"protocol":"PsddFKi32cMJ2qPjf43Qv5GDWLDPZb3T3bF6fLKiF5HtvHNU7aP","chain_id":"NetXgtSLGNJvNye","hash":"ookFfq2NtWVyhcPokbx72RNjUG4qJc5qeqrrCoUX1HtPtniRv2P","branch":"BLJsHDbiCy5JZjNu6xwNfPqyG3SEmXDSN9Ur5bouyrftbbGJh95","contents":[{"kind":"endorsement","level":88749,"metadata":{"balance_updates":[{"kind":"contract","contract":"tz3WXYtyDUNL91qfiCJtVUX746QpNv5i5ve5","change":"-640000000"},{"kind":"freezer","category":"deposits","delegate":"tz3WXYtyDUNL91qfiCJtVUX746QpNv5i5ve5","level":43,"change":"640000000"},{"kind":"freezer","category":"rewards","delegate":"tz3WXYtyDUNL91qfiCJtVUX746QpNv5i5ve5","level":43,"change":"10000000"}],"delegate":"tz3WXYtyDUNL91qfiCJtVUX746QpNv5i5ve5","slots":[31,25,24,23,21,20,16,8,7,6]}}],"signature":"sige97SLM7BbRcsZAJZYbPRxgCz3RxZ9UfcM7zpJ8P6nJ2enrjxYMhUm7rvykKK7MKFSpVTLVxStyUA5av9uXKGGHNiimZRm"},{"protocol":"PsddFKi32cMJ2qPjf43Qv5GDWLDPZb3T3bF6fLKiF5HtvHNU7aP","chain_id":"NetXgtSLGNJvNye","hash":"opXZ8jthw9iYmLaaosBLigdtrkGLRX7ggzbWpTe8Bu1shr8NxJk","branch":"BLJsHDbiCy5JZjNu6xwNfPqyG3SEmXDSN9Ur5bouyrftbbGJh95","contents":[{"kind":"endorsement","level":88749,"metadata":{"balance_updates":[{"kind":"contract","contract":"tz3gN8NTLNLJg5KRsUU47NHNVHbdhcFXjjaB","change":"-512000000"},{"kind":"freezer","category":"deposits","delegate":"tz3gN8NTLNLJg5KRsUU47NHNVHbdhcFXjjaB","level":43,"change":"512000000"},{"kind":"freezer","category":"rewards","delegate":"tz3gN8NTLNLJg5KRsUU47NHNVHbdhcFXjjaB","level":43,"change":"8000000"}],"delegate":"tz3gN8NTLNLJg5KRsUU47NHNVHbdhcFXjjaB","slots":[27,17,14,10,9,5,4,1]}}],"signature":"sigYvNzS49opX364jNyvATfgF6FJUhXsY8KazLbxWX6nf5fwdpdda7HTsxh8iDDV938fg7RHZf1VLeYjaVgXYWsNuuvCo3pv"},{"protocol":"PsddFKi32cMJ2qPjf43Qv5GDWLDPZb3T3bF6fLKiF5HtvHNU7aP","chain_id":"NetXgtSLGNJvNye","hash":"op9vArzmTZKqhhFxbTauxjUHQvaquPML2LFPgjAoKQm5TDbrzVn","branch":"BLJsHDbiCy5JZjNu6xwNfPqyG3SEmXDSN9Ur5bouyrftbbGJh95","contents":[{"kind":"endorsement","level":88749,"metadata":{"balance_updates":[{"kind":"contract","contract":"tz1YCABRTa6H8PLKx2EtDWeCGPaKxUhNgv47","change":"-192000000"},{"kind":"freezer","category":"deposits","delegate":"tz1YCABRTa6H8PLKx2EtDWeCGPaKxUhNgv47","level":43,"change":"192000000"},{"kind":"freezer","category":"rewards","delegate":"tz1YCABRTa6H8PLKx2EtDWeCGPaKxUhNgv47","level":43,"change":"3000000"}],"delegate":"tz1YCABRTa6H8PLKx2EtDWeCGPaKxUhNgv47","slots":[22,12,3]}}],"signature":"sigppNvCtW34Wc9VdEkJCWHgsmVVnrr49NDrdNPR7BPgXPrqTUELPUUpvJaSSGm7CnHHX7G2HnH6ZMyFL8DHAwdTFvBhn1PW"}],[],[],[{"protocol":"PsddFKi32cMJ2qPjf43Qv5GDWLDPZb3T3bF6fLKiF5HtvHNU7aP","chain_id":"NetXgtSLGNJvNye","hash":"ooHc6ccnUgqDJo5UzwBbumL3Wtyn9RycTcq2BJtNfWbvPXQYG2t","branch":"BLJsHDbiCy5JZjNu6xwNfPqyG3SEmXDSN9Ur5bouyrftbbGJh95","contents":[{"kind":"transaction","source":"tz1ZWiiPXowuhN1UqNGVTrgNyf5tdxp4XUUq","fee":"50000","counter":"13824","gas_limit":"30034","storage_limit":"6000","amount":"5000000","destination":"KT1FLmwGK2ptfyG8gxAPWPMVS7iGgPzkJEBE","parameters":{"string":"pro"},"metadata":{"balance_updates":[{"kind":"contract","contract":"tz1ZWiiPXowuhN1UqNGVTrgNyf5tdxp4XUUq","change":"-50000"},{"kind":"freezer","category":"fees","delegate":"tz3WXYtyDUNL91qfiCJtVUX746QpNv5i5ve5","level":43,"change":"50000"}],"operation_result":{"status":"applied","storage":[{"prim":"Elt","args":[{"string":"ocaml"},{"int":"0"}]},{"prim":"Elt","args":[{"string":"pro"},{"int":"1"}]},{"prim":"Elt","args":[{"string":"test"},{"int":"0"}]}],"balance_updates":[{"kind":"contract","contract":"tz1ZWiiPXowuhN1UqNGVTrgNyf5tdxp4XUUq","change":"-5000000"},{"kind":"contract","contract":"KT1FLmwGK2ptfyG8gxAPWPMVS7iGgPzkJEBE","change":"5000000"}],"consumed_gas":"20034","storage_size":"499"}}}],"signature":"sigonK5qYaRFsC3dUjZfvXb8uGrrM4eptL3dTZBBvFjuwZ5VfRb2wSz2RyVz6fwqwAtQoLD7s5t3mjggRnSi8p6ZFuKKVhif"}]]

'
    http_version: 
  recorded_at: Tue, 08 Jan 2019 17:17:14 GMT
recorded_with: VCR 4.0.0
