---
http_interactions:
- request:
    method: get
    uri: http://127.0.0.1:8732/chains/main/blocks/BLXhD7T43aKby6aDasVhB9u4tCdbhUqKZaDPC2sMqZc5Lqh4JpR/operations
    body:
      encoding: US-ASCII
      string: ''
    headers:
      Content-Type:
      - application/json
  response:
    status:
      code: 200
      message: OK
    headers:
      Content-Length:
      - '7949'
      Content-Type:
      - application/json
    body:
      encoding: UTF-8
      string: '[[{"protocol":"PsYLVpVvgbLhAhoqAkMFUo6gudkJ9weNXhUYCiLDzcUpFpkk8Wt","chain_id":"NetXZUqeBjDnWde","hash":"ooVvA5PMmPxPtedethDCn1Px45ufDRNHm7tFRS9tPPvQGnYSR2e","branch":"BLc1ZDxQ2Ni2zksLxdGDmt5MZ1UR5iSguCJcX6cZizkK7ugaxvA","contents":[{"kind":"endorsement","level":113467,"metadata":{"balance_updates":[{"kind":"contract","contract":"tz1eUsgK6aj752Fbxwk5sAoEFvSDnPjZ4qvk","change":"-256000000"},{"kind":"freezer","category":"deposits","delegate":"tz1eUsgK6aj752Fbxwk5sAoEFvSDnPjZ4qvk","level":55,"change":"256000000"},{"kind":"freezer","category":"rewards","delegate":"tz1eUsgK6aj752Fbxwk5sAoEFvSDnPjZ4qvk","level":55,"change":"4000000"}],"delegate":"tz1eUsgK6aj752Fbxwk5sAoEFvSDnPjZ4qvk","slots":[21,12,8,5]}}],"signature":"sigtxPTqSE94WQyZ9xCX1YLYmdWJ3xZswLSWoJN4Rb8ZvnPRQzEtWSeEZR4FRvH891XHdT57uZMxCFw7eqJEkbY13rVDBh3e"},{"protocol":"PsYLVpVvgbLhAhoqAkMFUo6gudkJ9weNXhUYCiLDzcUpFpkk8Wt","chain_id":"NetXZUqeBjDnWde","hash":"op3QQe3SAReMHZf83N82BemkGNidxE1hH2usa1ui9Tn51Nrc7wM","branch":"BLc1ZDxQ2Ni2zksLxdGDmt5MZ1UR5iSguCJcX6cZizkK7ugaxvA","contents":[{"kind":"endorsement","level":113467,"metadata":{"balance_updates":[{"kind":"contract","contract":"tz1eGKPkRKc8dCa8gzs5NXtCNjpyQVsu6jap","change":"-64000000"},{"kind":"freezer","category":"deposits","delegate":"tz1eGKPkRKc8dCa8gzs5NXtCNjpyQVsu6jap","level":55,"change":"64000000"},{"kind":"freezer","category":"rewards","delegate":"tz1eGKPkRKc8dCa8gzs5NXtCNjpyQVsu6jap","level":55,"change":"1000000"}],"delegate":"tz1eGKPkRKc8dCa8gzs5NXtCNjpyQVsu6jap","slots":[16]}}],"signature":"signExpS2XSfKRrDjZrRgE1KX2sKpodNgiaC5LTxoom1cdNXBiiDhqLWJwPbJbtjRDZGqJeM62epdczk9sD3e5tWkEpRvyLe"},{"protocol":"PsYLVpVvgbLhAhoqAkMFUo6gudkJ9weNXhUYCiLDzcUpFpkk8Wt","chain_id":"NetXZUqeBjDnWde","hash":"onrXxDicw9dBDE2EM9seJwU3PMM4gavNUufEb8uoTQBzvs3dFbG","branch":"BLc1ZDxQ2Ni2zksLxdGDmt5MZ1UR5iSguCJcX6cZizkK7ugaxvA","contents":[{"kind":"endorsement","level":113467,"metadata":{"balance_updates":[{"kind":"contract","contract":"tz3WXYtyDUNL91qfiCJtVUX746QpNv5i5ve5","change":"-896000000"},{"kind":"freezer","category":"deposits","delegate":"tz3WXYtyDUNL91qfiCJtVUX746QpNv5i5ve5","level":55,"change":"896000000"},{"kind":"freezer","category":"rewards","delegate":"tz3WXYtyDUNL91qfiCJtVUX746QpNv5i5ve5","level":55,"change":"14000000"}],"delegate":"tz3WXYtyDUNL91qfiCJtVUX746QpNv5i5ve5","slots":[31,30,28,27,24,22,14,10,9,6,4,3,2,0]}}],"signature":"sigiR1tsKMUPFejEhpcfmKrZEGNzZeJaeJaKYWzutBP7utu69eSbFnwmKHtkwuuRwMvsxFJnezZBiUP1AZ439PgR3Qra5EQb"},{"protocol":"PsYLVpVvgbLhAhoqAkMFUo6gudkJ9weNXhUYCiLDzcUpFpkk8Wt","chain_id":"NetXZUqeBjDnWde","hash":"oomVxyjNxtqT9HUBkqJaiXkybs8h1RGtEvqKC97Z2T3dGqeYVDG","branch":"BLc1ZDxQ2Ni2zksLxdGDmt5MZ1UR5iSguCJcX6cZizkK7ugaxvA","contents":[{"kind":"endorsement","level":113467,"metadata":{"balance_updates":[{"kind":"contract","contract":"tz1SfH1vxAt2TTZV7mpsN79uGas5LHhV8epq","change":"-64000000"},{"kind":"freezer","category":"deposits","delegate":"tz1SfH1vxAt2TTZV7mpsN79uGas5LHhV8epq","level":55,"change":"64000000"},{"kind":"freezer","category":"rewards","delegate":"tz1SfH1vxAt2TTZV7mpsN79uGas5LHhV8epq","level":55,"change":"1000000"}],"delegate":"tz1SfH1vxAt2TTZV7mpsN79uGas5LHhV8epq","slots":[20]}}],"signature":"sigq3sP7GA6Z8QvAzwJvoebcFUQpxXTMgWxemgw7Su1cUsyf8jRpV9HwwQd94ciwfqGgRzfVykgW2t2WeGXWAC2xBHd5yRKV"},{"protocol":"PsYLVpVvgbLhAhoqAkMFUo6gudkJ9weNXhUYCiLDzcUpFpkk8Wt","chain_id":"NetXZUqeBjDnWde","hash":"ooujuHHMimMr7atGzGHXrsXM14GJwPvvNLyqVtkQq5eXnRwZW4t","branch":"BLc1ZDxQ2Ni2zksLxdGDmt5MZ1UR5iSguCJcX6cZizkK7ugaxvA","contents":[{"kind":"endorsement","level":113467,"metadata":{"balance_updates":[{"kind":"contract","contract":"tz3gN8NTLNLJg5KRsUU47NHNVHbdhcFXjjaB","change":"-768000000"},{"kind":"freezer","category":"deposits","delegate":"tz3gN8NTLNLJg5KRsUU47NHNVHbdhcFXjjaB","level":55,"change":"768000000"},{"kind":"freezer","category":"rewards","delegate":"tz3gN8NTLNLJg5KRsUU47NHNVHbdhcFXjjaB","level":55,"change":"12000000"}],"delegate":"tz3gN8NTLNLJg5KRsUU47NHNVHbdhcFXjjaB","slots":[29,26,25,23,19,18,17,15,13,11,7,1]}}],"signature":"sighdVTz8WBmykaK6Ep2uukpudxP8erC28PhGao4VBbTkxs3XZoW9MHzp1Si7BCPye2kvu2oXA3A3TGBQ7iidY9CiTwXbdYD"}],[],[],[{"protocol":"PsYLVpVvgbLhAhoqAkMFUo6gudkJ9weNXhUYCiLDzcUpFpkk8Wt","chain_id":"NetXZUqeBjDnWde","hash":"ooAXTYrZrwkrVcud24a5WTYxzS4bgLWAmzUvUfdD2oCZxhKTWhh","branch":"BLc1ZDxQ2Ni2zksLxdGDmt5MZ1UR5iSguCJcX6cZizkK7ugaxvA","contents":[{"kind":"transaction","source":"tz1icHygQbYRuDxfZSGrwwNPukCnao6SrZzm","fee":"50000","counter":"22179","gas_limit":"80000","storage_limit":"300","amount":"0","destination":"KT1UkEy1SHZC6QQWGbUhuRgza15fV88hq517","parameters":{"int":"10"},"metadata":{"balance_updates":[{"kind":"contract","contract":"tz1icHygQbYRuDxfZSGrwwNPukCnao6SrZzm","change":"-50000"},{"kind":"freezer","category":"fees","delegate":"tz3gN8NTLNLJg5KRsUU47NHNVHbdhcFXjjaB","level":55,"change":"50000"}],"operation_result":{"status":"applied","storage":{"int":"10"},"consumed_gas":"6106","storage_size":"257"},"internal_operation_results":[{"kind":"transaction","source":"KT1UkEy1SHZC6QQWGbUhuRgza15fV88hq517","nonce":0,"amount":"0","destination":"KT1UkEy1SHZC6QQWGbUhuRgza15fV88hq517","parameters":{"int":"9"},"result":{"status":"applied","storage":{"int":"90"},"balance_updates":[{"kind":"contract","contract":"tz1icHygQbYRuDxfZSGrwwNPukCnao6SrZzm","change":"-1000"}],"consumed_gas":"6127","storage_size":"258","paid_storage_size_diff":"1"}},{"kind":"transaction","source":"KT1UkEy1SHZC6QQWGbUhuRgza15fV88hq517","nonce":1,"amount":"0","destination":"KT1UkEy1SHZC6QQWGbUhuRgza15fV88hq517","parameters":{"int":"8"},"result":{"status":"applied","storage":{"int":"720"},"consumed_gas":"6146","storage_size":"258"}},{"kind":"transaction","source":"KT1UkEy1SHZC6QQWGbUhuRgza15fV88hq517","nonce":2,"amount":"0","destination":"KT1UkEy1SHZC6QQWGbUhuRgza15fV88hq517","parameters":{"int":"7"},"result":{"status":"applied","storage":{"int":"5040"},"consumed_gas":"6145","storage_size":"258"}},{"kind":"transaction","source":"KT1UkEy1SHZC6QQWGbUhuRgza15fV88hq517","nonce":3,"amount":"0","destination":"KT1UkEy1SHZC6QQWGbUhuRgza15fV88hq517","parameters":{"int":"6"},"result":{"status":"applied","storage":{"int":"30240"},"balance_updates":[{"kind":"contract","contract":"tz1icHygQbYRuDxfZSGrwwNPukCnao6SrZzm","change":"-1000"}],"consumed_gas":"6169","storage_size":"259","paid_storage_size_diff":"1"}},{"kind":"transaction","source":"KT1UkEy1SHZC6QQWGbUhuRgza15fV88hq517","nonce":4,"amount":"0","destination":"KT1UkEy1SHZC6QQWGbUhuRgza15fV88hq517","parameters":{"int":"5"},"result":{"status":"applied","storage":{"int":"151200"},"consumed_gas":"6185","storage_size":"259"}},{"kind":"transaction","source":"KT1UkEy1SHZC6QQWGbUhuRgza15fV88hq517","nonce":5,"amount":"0","destination":"KT1UkEy1SHZC6QQWGbUhuRgza15fV88hq517","parameters":{"int":"4"},"result":{"status":"applied","storage":{"int":"604800"},"consumed_gas":"6191","storage_size":"259"}},{"kind":"transaction","source":"KT1UkEy1SHZC6QQWGbUhuRgza15fV88hq517","nonce":6,"amount":"0","destination":"KT1UkEy1SHZC6QQWGbUhuRgza15fV88hq517","parameters":{"int":"3"},"result":{"status":"applied","storage":{"int":"1814400"},"balance_updates":[{"kind":"contract","contract":"tz1icHygQbYRuDxfZSGrwwNPukCnao6SrZzm","change":"-1000"}],"consumed_gas":"6189","storage_size":"260","paid_storage_size_diff":"1"}},{"kind":"transaction","source":"KT1UkEy1SHZC6QQWGbUhuRgza15fV88hq517","nonce":7,"amount":"0","destination":"KT1UkEy1SHZC6QQWGbUhuRgza15fV88hq517","parameters":{"int":"2"},"result":{"status":"applied","storage":{"int":"3628800"},"consumed_gas":"6198","storage_size":"260"}},{"kind":"transaction","source":"KT1UkEy1SHZC6QQWGbUhuRgza15fV88hq517","nonce":8,"amount":"0","destination":"KT1UkEy1SHZC6QQWGbUhuRgza15fV88hq517","parameters":{"int":"1"},"result":{"status":"applied","storage":{"int":"3628800"},"consumed_gas":"6058","storage_size":"260"}}]}}],"signature":"sigqAS1DEurppukHbcGJcaXu91zQG39a3m75ASvs5Qaj7SzkmCVP6masxRSn83bKz69GxRoVqBg9iNEnZQWH6uzmRZrhZQc8"}]]

'
    http_version: 
  recorded_at: Mon, 01 Oct 2018 10:15:14 GMT
recorded_with: VCR 4.0.0
