---
http_interactions:
- request:
    method: get
    uri: http://alphanet-node.tzscan.io/chains/main/blocks/head
    body:
      encoding: US-ASCII
      string: ''
    headers:
      Content-Type:
      - application/json
  response:
    status:
      code: 200
      message: OK
    headers:
      Server:
      - nginx
      Date:
      - Mon, 07 Jan 2019 16:33:37 GMT
      Content-Type:
      - application/json
      Content-Length:
      - '5853'
      Connection:
      - keep-alive
    body:
      encoding: UTF-8
      string: '{"protocol":"PsddFKi32cMJ2qPjf43Qv5GDWLDPZb3T3bF6fLKiF5HtvHNU7aP","chain_id":"NetXgtSLGNJvNye","hash":"BLJsYFqAiPJ3gaHL7zKS4J2YmG9juLZAR9cyKbq8APWrdmYVDo8","header":{"level":86558,"proto":1,"predecessor":"BLccdc5af534g38dGGAV15Uho7nKoWmufnQndnUKi2ECKUYg38F","timestamp":"2019-01-07T16:32:48Z","validation_pass":4,"operations_hash":"LLoaUsWJzYySzuHGQ37HCjxZ7KUjyLiht2jy4ANzSLgW61n1Tu4wd","fitness":["00","000000000026df90"],"context":"CoUuFyRbL9YZuN66949wM64ty23EUNte2vDwgUvHxH5ALWuZJZ64","priority":1,"proof_of_work_nonce":"0000000319515517","signature":"sigPEWtrHdzXGLBmd5bJProsrstvuP1a8FUYdVzScAmuuuLBrETB9W5aNNy3MtX5RRrmLeZDvssiMBVYEY68AMyJLoVMf6aZ"},"metadata":{"protocol":"PsddFKi32cMJ2qPjf43Qv5GDWLDPZb3T3bF6fLKiF5HtvHNU7aP","next_protocol":"PsddFKi32cMJ2qPjf43Qv5GDWLDPZb3T3bF6fLKiF5HtvHNU7aP","test_chain_status":{"status":"not_running"},"max_operations_ttl":60,"max_operation_data_length":16384,"max_block_header_length":238,"max_operation_list_length":[{"max_size":32768,"max_op":32},{"max_size":32768},{"max_size":135168,"max_op":132},{"max_size":524288}],"baker":"tz3gN8NTLNLJg5KRsUU47NHNVHbdhcFXjjaB","level":{"level":86558,"level_position":86557,"cycle":42,"cycle_position":541,"voting_period":10,"voting_period_position":4637,"expected_commitment":false},"voting_period_kind":"proposal","nonce_hash":null,"consumed_gas":"0","deactivated":[],"balance_updates":[{"kind":"contract","contract":"tz3gN8NTLNLJg5KRsUU47NHNVHbdhcFXjjaB","change":"-512000000"},{"kind":"freezer","category":"deposits","delegate":"tz3gN8NTLNLJg5KRsUU47NHNVHbdhcFXjjaB","level":42,"change":"512000000"},{"kind":"freezer","category":"rewards","delegate":"tz3gN8NTLNLJg5KRsUU47NHNVHbdhcFXjjaB","level":42,"change":"16000000"}]},"operations":[[{"protocol":"PsddFKi32cMJ2qPjf43Qv5GDWLDPZb3T3bF6fLKiF5HtvHNU7aP","chain_id":"NetXgtSLGNJvNye","hash":"opPCkDpMd3d51W3ykxvneaHTmG6hzvrJ8BvECHUJyPQ9XxGFFw4","branch":"BLccdc5af534g38dGGAV15Uho7nKoWmufnQndnUKi2ECKUYg38F","contents":[{"kind":"endorsement","level":86557,"metadata":{"balance_updates":[{"kind":"contract","contract":"tz3NdTPb3Ax2rVW2Kq9QEdzfYFkRwhrQRPhX","change":"-128000000"},{"kind":"freezer","category":"deposits","delegate":"tz3NdTPb3Ax2rVW2Kq9QEdzfYFkRwhrQRPhX","level":42,"change":"128000000"},{"kind":"freezer","category":"rewards","delegate":"tz3NdTPb3Ax2rVW2Kq9QEdzfYFkRwhrQRPhX","level":42,"change":"2000000"}],"delegate":"tz3NdTPb3Ax2rVW2Kq9QEdzfYFkRwhrQRPhX","slots":[7,4]}}],"signature":"sigUZhzurDdqzmfkLdXHRC4nEWxgAQqHFLZ9fwPXq8nWhSpvju1UgHyviGPee6S3yRusxUsyP9TSeRtAKvpqs2fgHFvuawUz"},{"protocol":"PsddFKi32cMJ2qPjf43Qv5GDWLDPZb3T3bF6fLKiF5HtvHNU7aP","chain_id":"NetXgtSLGNJvNye","hash":"ooM89H8oWS7xBBax78sVFSYm5dmQJsAy9eMMwqKe12t2h3by6SY","branch":"BLccdc5af534g38dGGAV15Uho7nKoWmufnQndnUKi2ECKUYg38F","contents":[{"kind":"endorsement","level":86557,"metadata":{"balance_updates":[{"kind":"contract","contract":"tz1LdZ6S8ScNMgaCLqrekDvbBWhLqtUebk23","change":"-64000000"},{"kind":"freezer","category":"deposits","delegate":"tz1LdZ6S8ScNMgaCLqrekDvbBWhLqtUebk23","level":42,"change":"64000000"},{"kind":"freezer","category":"rewards","delegate":"tz1LdZ6S8ScNMgaCLqrekDvbBWhLqtUebk23","level":42,"change":"1000000"}],"delegate":"tz1LdZ6S8ScNMgaCLqrekDvbBWhLqtUebk23","slots":[18]}}],"signature":"siggAyLgxdrD8qG9LqXZ9aWjNTVgJQMZiS3kwMDp72m9Udmy8zdo8poNMGSdFahVhfoZBLSorBM5S7SNPE8Ra5ZC238r5CAP"},{"protocol":"PsddFKi32cMJ2qPjf43Qv5GDWLDPZb3T3bF6fLKiF5HtvHNU7aP","chain_id":"NetXgtSLGNJvNye","hash":"oniQ46PaBN2oLD5Ry9t1sYSboVutV2TDfAXK8n8Laf4HbaudY6R","branch":"BLccdc5af534g38dGGAV15Uho7nKoWmufnQndnUKi2ECKUYg38F","contents":[{"kind":"endorsement","level":86557,"metadata":{"balance_updates":[{"kind":"contract","contract":"tz1Vi4XPxnKqjN2aS13TY6aAjZvnqmvx8TgH","change":"-128000000"},{"kind":"freezer","category":"deposits","delegate":"tz1Vi4XPxnKqjN2aS13TY6aAjZvnqmvx8TgH","level":42,"change":"128000000"},{"kind":"freezer","category":"rewards","delegate":"tz1Vi4XPxnKqjN2aS13TY6aAjZvnqmvx8TgH","level":42,"change":"2000000"}],"delegate":"tz1Vi4XPxnKqjN2aS13TY6aAjZvnqmvx8TgH","slots":[19,2]}}],"signature":"sigrcbs2e3jKSQqkAYLSkAwNyMWxJDz1qxyEJSgVDaVVnjSf72r4JTMK4V8ZYPTKdDiXvdJpBGb9AZSkqWRPPEHQmnrGwqSC"},{"protocol":"PsddFKi32cMJ2qPjf43Qv5GDWLDPZb3T3bF6fLKiF5HtvHNU7aP","chain_id":"NetXgtSLGNJvNye","hash":"op7fsgrjkmfD91nP6wUz1r26ry4sbCokfPph8uCJJ6mthUrMM7V","branch":"BLccdc5af534g38dGGAV15Uho7nKoWmufnQndnUKi2ECKUYg38F","contents":[{"kind":"endorsement","level":86557,"metadata":{"balance_updates":[{"kind":"contract","contract":"tz3gN8NTLNLJg5KRsUU47NHNVHbdhcFXjjaB","change":"-896000000"},{"kind":"freezer","category":"deposits","delegate":"tz3gN8NTLNLJg5KRsUU47NHNVHbdhcFXjjaB","level":42,"change":"896000000"},{"kind":"freezer","category":"rewards","delegate":"tz3gN8NTLNLJg5KRsUU47NHNVHbdhcFXjjaB","level":42,"change":"14000000"}],"delegate":"tz3gN8NTLNLJg5KRsUU47NHNVHbdhcFXjjaB","slots":[31,30,29,27,26,23,22,21,20,16,15,12,10,5]}}],"signature":"sigTFkzq7Ls19BMfktzuC5MPawp91QAzmMEUVMsFPMWkqjvb27bU1juLhCj7UCuG64f4TbGVhpHy4VuLzEFtcJPeVMvp3hBh"},{"protocol":"PsddFKi32cMJ2qPjf43Qv5GDWLDPZb3T3bF6fLKiF5HtvHNU7aP","chain_id":"NetXgtSLGNJvNye","hash":"onzMbYRWHrpFAi9eusBKa9huUYricS3XssjX6pvnENL3TypnXUe","branch":"BLccdc5af534g38dGGAV15Uho7nKoWmufnQndnUKi2ECKUYg38F","contents":[{"kind":"endorsement","level":86557,"metadata":{"balance_updates":[{"kind":"contract","contract":"tz3WXYtyDUNL91qfiCJtVUX746QpNv5i5ve5","change":"-384000000"},{"kind":"freezer","category":"deposits","delegate":"tz3WXYtyDUNL91qfiCJtVUX746QpNv5i5ve5","level":42,"change":"384000000"},{"kind":"freezer","category":"rewards","delegate":"tz3WXYtyDUNL91qfiCJtVUX746QpNv5i5ve5","level":42,"change":"6000000"}],"delegate":"tz3WXYtyDUNL91qfiCJtVUX746QpNv5i5ve5","slots":[25,24,14,11,8,6]}}],"signature":"siguKT6pqti1vAGZmFhyt83aFrytjA57zqJHSJ2FDJ8k7EdGV5r5ZmUE1y2aZkDkFgCe3A8Ap5e5Nccf3fvh5uebZ4tYsUHH"}],[],[],[]]}

'
    http_version: 
  recorded_at: Mon, 07 Jan 2019 16:33:37 GMT
recorded_with: VCR 4.0.0
