---
http_interactions:
- request:
    method: get
    uri: http://tezos_node:8094/chains/main/blocks/head
    body:
      encoding: US-ASCII
      string: ''
    headers:
      Content-Type:
      - application/json
  response:
    status:
      code: 200
      message: OK
    headers:
      Server:
      - nginx
      Date:
      - Tue, 08 Jan 2019 17:17:14 GMT
      Content-Type:
      - application/json
      Content-Length:
      - '8291'
      Connection:
      - keep-alive
    body:
      encoding: UTF-8
      string: '{"protocol":"PsddFKi32cMJ2qPjf43Qv5GDWLDPZb3T3bF6fLKiF5HtvHNU7aP","chain_id":"NetXgtSLGNJvNye","hash":"BLPdBJ5urrHx4TSbM6Bg7cfaK4FhBmTGXRJJGTn54UADiw6enVB","header":{"level":88920,"proto":1,"predecessor":"BLDLRBrUmam7iFhUgQa9NyeieDFKnysyXscH7dzJ8WYwH7tjwWM","timestamp":"2019-01-08T17:16:28Z","validation_pass":4,"operations_hash":"LLoawYbRGJxSJ7MNUd5Jeg2jvvL3zSnXEXNGtN1mtsA4Mw8SXPA17","fitness":["00","000000000027ed35"],"context":"CoVfjVybBNgcoSdb2iXgha8Hxhmkwqimp5V8sHyGwp3YumVn3jxt","priority":3,"proof_of_work_nonce":"00000003903d3936","signature":"sigtG46owdhmnTc3kk5R5Mbx8rge9Bc8WX6thxPxgVMziFWLstYkG3pRh563sKuw4ctm9dZcpa9wuc43d6RPUxANJGdRtXAw"},"metadata":{"protocol":"PsddFKi32cMJ2qPjf43Qv5GDWLDPZb3T3bF6fLKiF5HtvHNU7aP","next_protocol":"PsddFKi32cMJ2qPjf43Qv5GDWLDPZb3T3bF6fLKiF5HtvHNU7aP","test_chain_status":{"status":"not_running"},"max_operations_ttl":60,"max_operation_data_length":16384,"max_block_header_length":238,"max_operation_list_length":[{"max_size":32768,"max_op":32},{"max_size":32768},{"max_size":135168,"max_op":132},{"max_size":524288}],"baker":"tz3gN8NTLNLJg5KRsUU47NHNVHbdhcFXjjaB","level":{"level":88920,"level_position":88919,"cycle":43,"cycle_position":855,"voting_period":10,"voting_period_position":6999,"expected_commitment":false},"voting_period_kind":"proposal","nonce_hash":null,"consumed_gas":"0","deactivated":[],"balance_updates":[{"kind":"contract","contract":"tz3gN8NTLNLJg5KRsUU47NHNVHbdhcFXjjaB","change":"-512000000"},{"kind":"freezer","category":"deposits","delegate":"tz3gN8NTLNLJg5KRsUU47NHNVHbdhcFXjjaB","level":43,"change":"512000000"},{"kind":"freezer","category":"rewards","delegate":"tz3gN8NTLNLJg5KRsUU47NHNVHbdhcFXjjaB","level":43,"change":"16000000"}]},"operations":[[{"protocol":"PsddFKi32cMJ2qPjf43Qv5GDWLDPZb3T3bF6fLKiF5HtvHNU7aP","chain_id":"NetXgtSLGNJvNye","hash":"ooVsS6mfa24eY28aX3EvqSZP64tQPufv8ecAWwgD42EjSunxG2P","branch":"BLDLRBrUmam7iFhUgQa9NyeieDFKnysyXscH7dzJ8WYwH7tjwWM","contents":[{"kind":"endorsement","level":88919,"metadata":{"balance_updates":[{"kind":"contract","contract":"tz1db53osfzRqqgQeLtBt4kcFcQoXJwPJJ5G","change":"-64000000"},{"kind":"freezer","category":"deposits","delegate":"tz1db53osfzRqqgQeLtBt4kcFcQoXJwPJJ5G","level":43,"change":"64000000"},{"kind":"freezer","category":"rewards","delegate":"tz1db53osfzRqqgQeLtBt4kcFcQoXJwPJJ5G","level":43,"change":"2000000"}],"delegate":"tz1db53osfzRqqgQeLtBt4kcFcQoXJwPJJ5G","slots":[15]}}],"signature":"sigYzHT9EzKae37uUw2e6VWGKNepvkS8ctBAYUmaaCdm5LSPo63fdkBooewFaYGb96bZNDbhgS23zBQQKZwy8ZtfxYwKiGhs"},{"protocol":"PsddFKi32cMJ2qPjf43Qv5GDWLDPZb3T3bF6fLKiF5HtvHNU7aP","chain_id":"NetXgtSLGNJvNye","hash":"ooxv8FrqY9EV8pUsm3K84bTSK1GW2sy6H9TYeaLjPFtnPuPmkAN","branch":"BLDLRBrUmam7iFhUgQa9NyeieDFKnysyXscH7dzJ8WYwH7tjwWM","contents":[{"kind":"endorsement","level":88919,"metadata":{"balance_updates":[{"kind":"contract","contract":"tz1SAAYjCwU5TGHZkigrG8iFSm3uhN2hHzfp","change":"-64000000"},{"kind":"freezer","category":"deposits","delegate":"tz1SAAYjCwU5TGHZkigrG8iFSm3uhN2hHzfp","level":43,"change":"64000000"},{"kind":"freezer","category":"rewards","delegate":"tz1SAAYjCwU5TGHZkigrG8iFSm3uhN2hHzfp","level":43,"change":"2000000"}],"delegate":"tz1SAAYjCwU5TGHZkigrG8iFSm3uhN2hHzfp","slots":[14]}}],"signature":"siggwcajFZPhf5HvNwS8sfVuwgQEEoP5nDcyEEYhMWuswJbEtEViy4TVHdageJEypKmo8YS8u4291sfLqiEjP1qVxwHBGKwg"},{"protocol":"PsddFKi32cMJ2qPjf43Qv5GDWLDPZb3T3bF6fLKiF5HtvHNU7aP","chain_id":"NetXgtSLGNJvNye","hash":"ooRg86ZSvb9wGSWrsP15nDkrWUYZMVzoiAQLfLmWSe93vsviEde","branch":"BLDLRBrUmam7iFhUgQa9NyeieDFKnysyXscH7dzJ8WYwH7tjwWM","contents":[{"kind":"endorsement","level":88919,"metadata":{"balance_updates":[{"kind":"contract","contract":"tz1SsvTqeMmR9FW1D81dw9AaZPPwxSKFGuja","change":"-128000000"},{"kind":"freezer","category":"deposits","delegate":"tz1SsvTqeMmR9FW1D81dw9AaZPPwxSKFGuja","level":43,"change":"128000000"},{"kind":"freezer","category":"rewards","delegate":"tz1SsvTqeMmR9FW1D81dw9AaZPPwxSKFGuja","level":43,"change":"4000000"}],"delegate":"tz1SsvTqeMmR9FW1D81dw9AaZPPwxSKFGuja","slots":[21,19]}}],"signature":"sigtCaJYrXxFULWBJsyDJrD7dtZ4GKegjQ9QBhz3daWNVDsasmdcLxyF8gkh9nz9EMozbyP1npQn2P4PF6yZzqwnKNoSZYGh"},{"protocol":"PsddFKi32cMJ2qPjf43Qv5GDWLDPZb3T3bF6fLKiF5HtvHNU7aP","chain_id":"NetXgtSLGNJvNye","hash":"opMizXz9PZLEhSqQrqFifkBd2QRbFb6CC2oc5N5hGp1VW3KYebq","branch":"BLDLRBrUmam7iFhUgQa9NyeieDFKnysyXscH7dzJ8WYwH7tjwWM","contents":[{"kind":"endorsement","level":88919,"metadata":{"balance_updates":[{"kind":"contract","contract":"tz1LdZ6S8ScNMgaCLqrekDvbBWhLqtUebk23","change":"-192000000"},{"kind":"freezer","category":"deposits","delegate":"tz1LdZ6S8ScNMgaCLqrekDvbBWhLqtUebk23","level":43,"change":"192000000"},{"kind":"freezer","category":"rewards","delegate":"tz1LdZ6S8ScNMgaCLqrekDvbBWhLqtUebk23","level":43,"change":"6000000"}],"delegate":"tz1LdZ6S8ScNMgaCLqrekDvbBWhLqtUebk23","slots":[20,12,11]}}],"signature":"sigiwrhkEgDttA9mNsCmpaz5QKTchyU8deWPeJD3NV9mYdj4KsKbrRyyLszGMceZ5JTgdypfNCyNCZUNBC3rpk8tCU9uAWma"},{"protocol":"PsddFKi32cMJ2qPjf43Qv5GDWLDPZb3T3bF6fLKiF5HtvHNU7aP","chain_id":"NetXgtSLGNJvNye","hash":"opQuHNrbwJiyzkFSbRGdiaXa6QDwGv814CYm5onvD7aNKSjXH8s","branch":"BLDLRBrUmam7iFhUgQa9NyeieDFKnysyXscH7dzJ8WYwH7tjwWM","contents":[{"kind":"endorsement","level":88919,"metadata":{"balance_updates":[{"kind":"contract","contract":"tz3WXYtyDUNL91qfiCJtVUX746QpNv5i5ve5","change":"-512000000"},{"kind":"freezer","category":"deposits","delegate":"tz3WXYtyDUNL91qfiCJtVUX746QpNv5i5ve5","level":43,"change":"512000000"},{"kind":"freezer","category":"rewards","delegate":"tz3WXYtyDUNL91qfiCJtVUX746QpNv5i5ve5","level":43,"change":"16000000"}],"delegate":"tz3WXYtyDUNL91qfiCJtVUX746QpNv5i5ve5","slots":[31,30,29,28,17,8,7,3]}}],"signature":"siggsrvXvz5cNr9n8t7aVbeDxyBCE3XZJU3Eae8jMxhCixV3dxq4r8KzRGwBCrL6ajXUgnKfYR9XHSa9sTK3UUeqMASTob9A"},{"protocol":"PsddFKi32cMJ2qPjf43Qv5GDWLDPZb3T3bF6fLKiF5HtvHNU7aP","chain_id":"NetXgtSLGNJvNye","hash":"ooERYrAyFMPGFf7SxyJ5avQXk15pKWqWUPeg4DC81hbeeqbbGQW","branch":"BLDLRBrUmam7iFhUgQa9NyeieDFKnysyXscH7dzJ8WYwH7tjwWM","contents":[{"kind":"endorsement","level":88919,"metadata":{"balance_updates":[{"kind":"contract","contract":"tz3gN8NTLNLJg5KRsUU47NHNVHbdhcFXjjaB","change":"-640000000"},{"kind":"freezer","category":"deposits","delegate":"tz3gN8NTLNLJg5KRsUU47NHNVHbdhcFXjjaB","level":43,"change":"640000000"},{"kind":"freezer","category":"rewards","delegate":"tz3gN8NTLNLJg5KRsUU47NHNVHbdhcFXjjaB","level":43,"change":"20000000"}],"delegate":"tz3gN8NTLNLJg5KRsUU47NHNVHbdhcFXjjaB","slots":[27,26,25,24,23,18,10,4,1,0]}}],"signature":"sigVLzx4NQVR49YgvDpXXaNUTQNPoWqzMv3nx8rjmEoevVNpcVkMdRDLxR2jncy5votzfi1HNQAYBbqfkE2zTwWLjxDw3zua"},{"protocol":"PsddFKi32cMJ2qPjf43Qv5GDWLDPZb3T3bF6fLKiF5HtvHNU7aP","chain_id":"NetXgtSLGNJvNye","hash":"ooQUJePwLX5jtyxTyKS4PFQpdnPHi7WLSgNoNjj9P343HJeD5Ye","branch":"BLDLRBrUmam7iFhUgQa9NyeieDFKnysyXscH7dzJ8WYwH7tjwWM","contents":[{"kind":"endorsement","level":88919,"metadata":{"balance_updates":[{"kind":"contract","contract":"tz3NdTPb3Ax2rVW2Kq9QEdzfYFkRwhrQRPhX","change":"-192000000"},{"kind":"freezer","category":"deposits","delegate":"tz3NdTPb3Ax2rVW2Kq9QEdzfYFkRwhrQRPhX","level":43,"change":"192000000"},{"kind":"freezer","category":"rewards","delegate":"tz3NdTPb3Ax2rVW2Kq9QEdzfYFkRwhrQRPhX","level":43,"change":"6000000"}],"delegate":"tz3NdTPb3Ax2rVW2Kq9QEdzfYFkRwhrQRPhX","slots":[13,9,5]}}],"signature":"sigqbG5XdbcVGHLjpNhQuRKBWddG7iNvMgZQtmrXGvMKcCVka9QpmeCMFa3xepEqF76845LpAuCp6yUCqpJ2ntMS2DFqv8q9"},{"protocol":"PsddFKi32cMJ2qPjf43Qv5GDWLDPZb3T3bF6fLKiF5HtvHNU7aP","chain_id":"NetXgtSLGNJvNye","hash":"ootvKHk6son4n8RYcJ3xEcZLiPjmJfph2QrUC7JFgHEV2MNzKRX","branch":"BLDLRBrUmam7iFhUgQa9NyeieDFKnysyXscH7dzJ8WYwH7tjwWM","contents":[{"kind":"endorsement","level":88919,"metadata":{"balance_updates":[{"kind":"contract","contract":"tz1YCABRTa6H8PLKx2EtDWeCGPaKxUhNgv47","change":"-128000000"},{"kind":"freezer","category":"deposits","delegate":"tz1YCABRTa6H8PLKx2EtDWeCGPaKxUhNgv47","level":43,"change":"128000000"},{"kind":"freezer","category":"rewards","delegate":"tz1YCABRTa6H8PLKx2EtDWeCGPaKxUhNgv47","level":43,"change":"4000000"}],"delegate":"tz1YCABRTa6H8PLKx2EtDWeCGPaKxUhNgv47","slots":[22,6]}}],"signature":"sigSc5Lq2deDSZ7XqHPq5cPPwmsi5w7rLyZCpd1DSdTjNVMap8jWfjzbFf5gEBGJHtoNcHHgkdTQbvPVMas2B4zbXZbWjC8w"}],[],[],[]]}

'
    http_version: 
  recorded_at: Tue, 08 Jan 2019 17:17:14 GMT
recorded_with: VCR 4.0.0
