---
http_interactions:
- request:
    method: get
    uri: http://alphanet-node.tzscan.io/chains/main/blocks/BLHKSpcKZkLjf1e4dPUy8AFcMVtdRRTAxfhfYJ7SM5dH38VDmZR/header
    body:
      encoding: US-ASCII
      string: ''
    headers:
      Content-Type:
      - application/json
  response:
    status:
      code: 200
      message: OK
    headers:
      Server:
      - nginx
      Date:
      - Tue, 08 Jan 2019 17:17:14 GMT
      Content-Type:
      - application/json
      Content-Length:
      - '644'
      Connection:
      - keep-alive
    body:
      encoding: UTF-8
      string: '{"protocol":"PsddFKi32cMJ2qPjf43Qv5GDWLDPZb3T3bF6fLKiF5HtvHNU7aP","chain_id":"NetXgtSLGNJvNye","hash":"BLHKSpcKZkLjf1e4dPUy8AFcMVtdRRTAxfhfYJ7SM5dH38VDmZR","level":88750,"proto":1,"predecessor":"BLJsHDbiCy5JZjNu6xwNfPqyG3SEmXDSN9Ur5bouyrftbbGJh95","timestamp":"2019-01-08T15:30:48Z","validation_pass":4,"operations_hash":"LLob2BfmtidTHm4s2Wt5UvYhDBsy6rsP2CXK8KU2jBLPzEzyGNELW","fitness":["00","000000000027d80f"],"context":"CoWVqsk8rx1UAfSq9tasgB6TUmvYpwmqN9oBM7DNVs24AMBwc7ai","priority":0,"proof_of_work_nonce":"000000034624ca51","signature":"sigpd1ZF8D1jaShBEeAnKkYVa5HteRCvqStPYjzFRK39KLV8QTKqS5PQyjAqCRqZe93VfxqAyhnLvN1z5RYtDYYkoKGvQeX4"}

'
    http_version: 
  recorded_at: Tue, 08 Jan 2019 17:17:14 GMT
recorded_with: VCR 4.0.0
