---
http_interactions:
- request:
    method: get
    uri: http://tezos_node:8094/chains/main/blocks/head/header
    body:
      encoding: US-ASCII
      string: ''
    headers:
      Content-Type:
      - application/json
  response:
    status:
      code: 200
      message: OK
    headers:
      Content-Length:
      - '643'
      Content-Type:
      - application/json
    body:
      encoding: UTF-8
      string: '{"protocol":"PsBabyM1eUXZseaJdmXFApDSBqj8YBfwELoxZHHW77EMcAbbwAS","chain_id":"NetXdQprcVkpaWU","hash":"BMDzrCTv79MZut5Ff3XryLf6oHWKUEKL4eoz2t5g44f4zyZZ7mP","level":2015,"proto":1,"predecessor":"BMVBk9mB7p5n3fwEdrW8r3b47AoqmKpKaVY5281V4dMR5LWzGhp","timestamp":"2020-02-04T13:23:19Z","validation_pass":4,"operations_hash":"LLoa7bxRTKaQN2bLYoitYB6bU2DvLnBAqrVjZcvJ364cTcX2PZYKU","fitness":["01","00000000000007de"],"context":"CoUgQvgbgBiYJopiSkcyJ7ZtBLxASGmR9sAh3xJf3CNqtUZ5DfVC","priority":0,"proof_of_work_nonce":"756e6b6f00000000","signature":"sigaVtMAYyPG8dwxKBvTuDku86Pvjrs72m7zn98259Bs8xw3EQNvBvu191aFEzeGeYpfqZTGMmefgRZ9nJdr6WUWAhyXYWhP"}

'
    http_version: 
  recorded_at: Tue, 04 Feb 2020 14:00:34 GMT
- request:
    method: get
    uri: http://tezos_node:8094/chains/main/blocks/BMDzrCTv79MZut5Ff3XryLf6oHWKUEKL4eoz2t5g44f4zyZZ7mP
    body:
      encoding: US-ASCII
      string: ''
    headers:
      Content-Type:
      - application/json
  response:
    status:
      code: 200
      message: OK
    headers:
      Content-Length:
      - '1737'
      Content-Type:
      - application/json
    body:
      encoding: UTF-8
      string: '{"protocol":"PsBabyM1eUXZseaJdmXFApDSBqj8YBfwELoxZHHW77EMcAbbwAS","chain_id":"NetXdQprcVkpaWU","hash":"BMDzrCTv79MZut5Ff3XryLf6oHWKUEKL4eoz2t5g44f4zyZZ7mP","header":{"level":2015,"proto":1,"predecessor":"BMVBk9mB7p5n3fwEdrW8r3b47AoqmKpKaVY5281V4dMR5LWzGhp","timestamp":"2020-02-04T13:23:19Z","validation_pass":4,"operations_hash":"LLoa7bxRTKaQN2bLYoitYB6bU2DvLnBAqrVjZcvJ364cTcX2PZYKU","fitness":["01","00000000000007de"],"context":"CoUgQvgbgBiYJopiSkcyJ7ZtBLxASGmR9sAh3xJf3CNqtUZ5DfVC","priority":0,"proof_of_work_nonce":"756e6b6f00000000","signature":"sigaVtMAYyPG8dwxKBvTuDku86Pvjrs72m7zn98259Bs8xw3EQNvBvu191aFEzeGeYpfqZTGMmefgRZ9nJdr6WUWAhyXYWhP"},"metadata":{"protocol":"PsBabyM1eUXZseaJdmXFApDSBqj8YBfwELoxZHHW77EMcAbbwAS","next_protocol":"PsBabyM1eUXZseaJdmXFApDSBqj8YBfwELoxZHHW77EMcAbbwAS","test_chain_status":{"status":"not_running"},"max_operations_ttl":60,"max_operation_data_length":16384,"max_block_header_length":238,"max_operation_list_length":[{"max_size":32768,"max_op":32},{"max_size":32768},{"max_size":135168,"max_op":132},{"max_size":524288}],"baker":"tz1bRiJ6wkVNnSF6AFV5ZDE2kon97ewBiQFG","level":{"level":2015,"level_position":2014,"cycle":251,"cycle_position":6,"voting_period":31,"voting_period_position":30,"expected_commitment":false},"voting_period_kind":"proposal","nonce_hash":null,"consumed_gas":"0","deactivated":[],"balance_updates":[{"kind":"contract","contract":"tz1bRiJ6wkVNnSF6AFV5ZDE2kon97ewBiQFG","change":"-512000000"},{"kind":"freezer","category":"deposits","delegate":"tz1bRiJ6wkVNnSF6AFV5ZDE2kon97ewBiQFG","cycle":251,"change":"512000000"},{"kind":"freezer","category":"rewards","delegate":"tz1bRiJ6wkVNnSF6AFV5ZDE2kon97ewBiQFG","cycle":251,"change":"12800000"}]},"operations":[[],[],[],[]]}

'
    http_version: 
  recorded_at: Tue, 04 Feb 2020 14:00:34 GMT
recorded_with: VCR 4.0.0
