---
http_interactions:
- request:
    method: get
    uri: http://127.0.0.1:8732/chains/main/blocks/head/operation_hashes
    body:
      encoding: US-ASCII
      string: ''
    headers:
      Content-Type:
      - application/json
  response:
    status:
      code: 200
      message: OK
    headers:
      Content-Length:
      - '121'
      Content-Type:
      - application/json
    body:
      encoding: UTF-8
      string: '[["op2MHLWbRv9EhWNA77wDJALNoL2FS9hb76eYqrhc8BE9EwoBpgj","ooGhQdXNLe683ufvcrncw3iSq8EajueKCso9K31jtL4RpNT9W1z"],[],[],[]]

'
    http_version: 
  recorded_at: Mon, 01 Oct 2018 10:15:14 GMT
recorded_with: VCR 4.0.0
